
Microsoft Visual Studio Solution File, Format Version 12.00
# Visual Studio 2013
VisualStudioVersion = 12.0.21005.1
MinimumVisualStudioVersion = 10.0.40219.1
Project("{FAE04EC0-301F-11D3-BF4B-00C04F79EFBC}") = "Draughts", "Draughts\Draughts.csproj", "{06028453-B492-4889-8E65-2F0B7EE3B78F}"
EndProject
Project("{FAE04EC0-301F-11D3-BF4B-00C04F79EFBC}") = "BussinessLogic", "BussinessLogic\BussinessLogic.csproj", "{DCC909B0-7B7B-41C1-9130-62A29CDEC4D3}"
EndProject
Project("{FAE04EC0-301F-11D3-BF4B-00C04F79EFBC}") = "UnitTests", "UnitTests\UnitTests.csproj", "{355C3741-832C-48D7-BD83-63A980593436}"
EndProject
Global
	GlobalSection(SolutionConfigurationPlatforms) = preSolution
		Debug|Any CPU = Debug|Any CPU
		Release|Any CPU = Release|Any CPU
	EndGlobalSection
	GlobalSection(ProjectConfigurationPlatforms) = postSolution
		{06028453-B492-4889-8E65-2F0B7EE3B78F}.Debug|Any CPU.ActiveCfg = Debug|Any CPU
		{06028453-B492-4889-8E65-2F0B7EE3B78F}.Debug|Any CPU.Build.0 = Debug|Any CPU
		{06028453-B492-4889-8E65-2F0B7EE3B78F}.Release|Any CPU.ActiveCfg = Release|Any CPU
		{06028453-B492-4889-8E65-2F0B7EE3B78F}.Release|Any CPU.Build.0 = Release|Any CPU
		{DCC909B0-7B7B-41C1-9130-62A29CDEC4D3}.Debug|Any CPU.ActiveCfg = Debug|Any CPU
		{DCC909B0-7B7B-41C1-9130-62A29CDEC4D3}.Debug|Any CPU.Build.0 = Debug|Any CPU
		{DCC909B0-7B7B-41C1-9130-62A29CDEC4D3}.Release|Any CPU.ActiveCfg = Release|Any CPU
		{DCC909B0-7B7B-41C1-9130-62A29CDEC4D3}.Release|Any CPU.Build.0 = Release|Any CPU
		{355C3741-832C-48D7-BD83-63A980593436}.Debug|Any CPU.ActiveCfg = Debug|Any CPU
		{355C3741-832C-48D7-BD83-63A980593436}.Debug|Any CPU.Build.0 = Debug|Any CPU
		{355C3741-832C-48D7-BD83-63A980593436}.Release|Any CPU.ActiveCfg = Release|Any CPU
		{355C3741-832C-48D7-BD83-63A980593436}.Release|Any CPU.Build.0 = Release|Any CPU
	EndGlobalSection
	GlobalSection(SolutionProperties) = preSolution
		HideSolutionNode = FALSE
	EndGlobalSection
EndGlobal
